
Microsoft Visual Studio Solution File, Format Version 12.00
# Visual Studio Version 17
VisualStudioVersion = 17.3.32929.385
MinimumVisualStudioVersion = 10.0.40219.1
Project("{8BC9CEB8-8B4A-11D0-8D11-00A0C91BC942}") = "Структуры", "Структуры\Структуры.vcxproj", "{51035039-8EF6-4EFB-A468-23D31B29FF7F}"
EndProject
Global
	GlobalSection(SolutionConfigurationPlatforms) = preSolution
		Debug|x64 = Debug|x64
		Debug|x86 = Debug|x86
		Release|x64 = Release|x64
		Release|x86 = Release|x86
	EndGlobalSection
	GlobalSection(ProjectConfigurationPlatforms) = postSolution
		{51035039-8EF6-4EFB-A468-23D31B29FF7F}.Debug|x64.ActiveCfg = Debug|x64
		{51035039-8EF6-4EFB-A468-23D31B29FF7F}.Debug|x64.Build.0 = Debug|x64
		{51035039-8EF6-4EFB-A468-23D31B29FF7F}.Debug|x86.ActiveCfg = Debug|Win32
		{51035039-8EF6-4EFB-A468-23D31B29FF7F}.Debug|x86.Build.0 = Debug|Win32
		{51035039-8EF6-4EFB-A468-23D31B29FF7F}.Release|x64.ActiveCfg = Release|x64
		{51035039-8EF6-4EFB-A468-23D31B29FF7F}.Release|x64.Build.0 = Release|x64
		{51035039-8EF6-4EFB-A468-23D31B29FF7F}.Release|x86.ActiveCfg = Release|Win32
		{51035039-8EF6-4EFB-A468-23D31B29FF7F}.Release|x86.Build.0 = Release|Win32
	EndGlobalSection
	GlobalSection(SolutionProperties) = preSolution
		HideSolutionNode = FALSE
	EndGlobalSection
	GlobalSection(ExtensibilityGlobals) = postSolution
		SolutionGuid = {140297DA-5E9D-4094-B7D8-BF70E7D133BD}
	EndGlobalSection
EndGlobal
